
Microsoft Visual Studio Solution File, Format Version 12.00
# Visual Studio 15
VisualStudioVersion = 15.0.28307.572
MinimumVisualStudioVersion = 10.0.40219.1
Project("{FAE04EC0-301F-11D3-BF4B-00C04F79EFBC}") = "bookit", "bookit\bookit.csproj", "{99DBBCF9-391E-4F5E-92EB-ADE2DDEE29EE}"
EndProject
Global
	GlobalSection(SolutionConfigurationPlatforms) = preSolution
		Debug|Any CPU = Debug|Any CPU
		Release|Any CPU = Release|Any CPU
	EndGlobalSection
	GlobalSection(ProjectConfigurationPlatforms) = postSolution
		{99DBBCF9-391E-4F5E-92EB-ADE2DDEE29EE}.Debug|Any CPU.ActiveCfg = Debug|Any CPU
		{99DBBCF9-391E-4F5E-92EB-ADE2DDEE29EE}.Debug|Any CPU.Build.0 = Debug|Any CPU
		{99DBBCF9-391E-4F5E-92EB-ADE2DDEE29EE}.Release|Any CPU.ActiveCfg = Release|Any CPU
		{99DBBCF9-391E-4F5E-92EB-ADE2DDEE29EE}.Release|Any CPU.Build.0 = Release|Any CPU
	EndGlobalSection
	GlobalSection(SolutionProperties) = preSolution
		HideSolutionNode = FALSE
	EndGlobalSection
	GlobalSection(ExtensibilityGlobals) = postSolution
		SolutionGuid = {A1DD1077-B41D-4D0B-9464-D5D4CA81F152}
	EndGlobalSection
EndGlobal
